// !$*UTF8*$!
{
	archiveVersion = 1;
	classes = {
	};
	objectVersion = 46;
	objects = {

/* Begin PBXBuildFile section */
		27AB3AE61C8CDD6600F4F718 /* R6Euler97ViewController.m in Sources */ = {isa = PBXBuildFile; fileRef = 27AB3AE51C8CDD6600F4F718 /* R6Euler97ViewController.m */; };
		27AB3AE91C8CE34200F4F718 /* R6Euler92ViewController.m in Sources */ = {isa = PBXBuildFile; fileRef = 27AB3AE81C8CE34200F4F718 /* R6Euler92ViewController.m */; };
		80718A221D89CCAA00B9A0E4 /* R6NumberWordLoopViewController.m in Sources */ = {isa = PBXBuildFile; fileRef = 80718A211D89CCAA00B9A0E4 /* R6NumberWordLoopViewController.m */; };
		908C739C1A9651EA008CC5B5 /* main.m in Sources */ = {isa = PBXBuildFile; fileRef = 908C739B1A9651EA008CC5B5 /* main.m */; };
		908C739F1A9651EA008CC5B5 /* AppDelegate.m in Sources */ = {isa = PBXBuildFile; fileRef = 908C739E1A9651EA008CC5B5 /* AppDelegate.m */; };
		908C73A21A9651EA008CC5B5 /* R6s.xcdatamodeld in Sources */ = {isa = PBXBuildFile; fileRef = 908C73A01A9651EA008CC5B5 /* R6s.xcdatamodeld */; };
		908C73A51A9651EA008CC5B5 /* ViewController.m in Sources */ = {isa = PBXBuildFile; fileRef = 908C73A41A9651EA008CC5B5 /* ViewController.m */; };
		908C73A81A9651EA008CC5B5 /* Main.storyboard in Resources */ = {isa = PBXBuildFile; fileRef = 908C73A61A9651EA008CC5B5 /* Main.storyboard */; };
		908C73AA1A9651EA008CC5B5 /* Images.xcassets in Resources */ = {isa = PBXBuildFile; fileRef = 908C73A91A9651EA008CC5B5 /* Images.xcassets */; };
		908C73AD1A9651EA008CC5B5 /* LaunchScreen.xib in Resources */ = {isa = PBXBuildFile; fileRef = 908C73AB1A9651EA008CC5B5 /* LaunchScreen.xib */; };
		908C73B91A9651EA008CC5B5 /* R6sTests.m in Sources */ = {isa = PBXBuildFile; fileRef = 908C73B81A9651EA008CC5B5 /* R6sTests.m */; };
		908C73C71A967266008CC5B5 /* NSCharacterSet+AppFunctions.m in Sources */ = {isa = PBXBuildFile; fileRef = 908C73C61A967266008CC5B5 /* NSCharacterSet+AppFunctions.m */; };
		908C73CB1A968BCE008CC5B5 /* R6ProjectManager.m in Sources */ = {isa = PBXBuildFile; fileRef = 908C73CA1A968BCE008CC5B5 /* R6ProjectManager.m */; };
		908C73CE1A968D89008CC5B5 /* R6Raizlabs1ViewController.m in Sources */ = {isa = PBXBuildFile; fileRef = 908C73CD1A968D89008CC5B5 /* R6Raizlabs1ViewController.m */; };
		908C73D11A96931C008CC5B5 /* R6ProjectTableViewCell.m in Sources */ = {isa = PBXBuildFile; fileRef = 908C73D01A96931C008CC5B5 /* R6ProjectTableViewCell.m */; };
		908C73D41A96965C008CC5B5 /* R6ViewController.m in Sources */ = {isa = PBXBuildFile; fileRef = 908C73D31A96965C008CC5B5 /* R6ViewController.m */; };
		908C73D91A969F23008CC5B5 /* R6Euler39ViewController.m in Sources */ = {isa = PBXBuildFile; fileRef = 908C73D81A969F23008CC5B5 /* R6Euler39ViewController.m */; };
		908C73DC1A96E57C008CC5B5 /* R6Euler45ViewController.m in Sources */ = {isa = PBXBuildFile; fileRef = 908C73DB1A96E57C008CC5B5 /* R6Euler45ViewController.m */; };
		908C73DF1A97898B008CC5B5 /* R6Euler81ViewController.m in Sources */ = {isa = PBXBuildFile; fileRef = 908C73DE1A97898B008CC5B5 /* R6Euler81ViewController.m */; };
		908C73E11A9791F7008CC5B5 /* p081_matrix.txt in Resources */ = {isa = PBXBuildFile; fileRef = 908C73E01A9791F7008CC5B5 /* p081_matrix.txt */; };
		908C73E51A97CB56008CC5B5 /* R6Euler101ViewController.m in Sources */ = {isa = PBXBuildFile; fileRef = 908C73E41A97CB56008CC5B5 /* R6Euler101ViewController.m */; };
/* End PBXBuildFile section */

/* Begin PBXContainerItemProxy section */
		908C73B31A9651EA008CC5B5 /* PBXContainerItemProxy */ = {
			isa = PBXContainerItemProxy;
			containerPortal = 908C738E1A9651E9008CC5B5 /* Project object */;
			proxyType = 1;
			remoteGlobalIDString = 908C73951A9651E9008CC5B5;
			remoteInfo = R6s;
		};
/* End PBXContainerItemProxy section */

/* Begin PBXFileReference section */
		27AB3AE41C8CDD6600F4F718 /* R6Euler97ViewController.h */ = {isa = PBXFileReference; fileEncoding = 4; lastKnownFileType = sourcecode.c.h; path = R6Euler97ViewController.h; sourceTree = "<group>"; };
		27AB3AE51C8CDD6600F4F718 /* R6Euler97ViewController.m */ = {isa = PBXFileReference; fileEncoding = 4; lastKnownFileType = sourcecode.c.objc; path = R6Euler97ViewController.m; sourceTree = "<group>"; };
		27AB3AE71C8CE34200F4F718 /* R6Euler92ViewController.h */ = {isa = PBXFileReference; fileEncoding = 4; lastKnownFileType = sourcecode.c.h; path = R6Euler92ViewController.h; sourceTree = "<group>"; };
		27AB3AE81C8CE34200F4F718 /* R6Euler92ViewController.m */ = {isa = PBXFileReference; fileEncoding = 4; lastKnownFileType = sourcecode.c.objc; path = R6Euler92ViewController.m; sourceTree = "<group>"; };
		80718A201D89CCAA00B9A0E4 /* R6NumberWordLoopViewController.h */ = {isa = PBXFileReference; fileEncoding = 4; lastKnownFileType = sourcecode.c.h; path = R6NumberWordLoopViewController.h; sourceTree = "<group>"; };
		80718A211D89CCAA00B9A0E4 /* R6NumberWordLoopViewController.m */ = {isa = PBXFileReference; fileEncoding = 4; lastKnownFileType = sourcecode.c.objc; path = R6NumberWordLoopViewController.m; sourceTree = "<group>"; };
		908C73961A9651E9008CC5B5 /* R6s.app */ = {isa = PBXFileReference; explicitFileType = wrapper.application; includeInIndex = 0; path = R6s.app; sourceTree = BUILT_PRODUCTS_DIR; };
		908C739A1A9651EA008CC5B5 /* Info.plist */ = {isa = PBXFileReference; lastKnownFileType = text.plist.xml; path = Info.plist; sourceTree = "<group>"; };
		908C739B1A9651EA008CC5B5 /* main.m */ = {isa = PBXFileReference; lastKnownFileType = sourcecode.c.objc; path = main.m; sourceTree = "<group>"; };
		908C739D1A9651EA008CC5B5 /* AppDelegate.h */ = {isa = PBXFileReference; lastKnownFileType = sourcecode.c.h; path = AppDelegate.h; sourceTree = "<group>"; };
		908C739E1A9651EA008CC5B5 /* AppDelegate.m */ = {isa = PBXFileReference; lastKnownFileType = sourcecode.c.objc; path = AppDelegate.m; sourceTree = "<group>"; };
		908C73A11A9651EA008CC5B5 /* R6s.xcdatamodel */ = {isa = PBXFileReference; lastKnownFileType = wrapper.xcdatamodel; path = R6s.xcdatamodel; sourceTree = "<group>"; };
		908C73A31A9651EA008CC5B5 /* ViewController.h */ = {isa = PBXFileReference; lastKnownFileType = sourcecode.c.h; path = ViewController.h; sourceTree = "<group>"; };
		908C73A41A9651EA008CC5B5 /* ViewController.m */ = {isa = PBXFileReference; lastKnownFileType = sourcecode.c.objc; path = ViewController.m; sourceTree = "<group>"; };
		908C73A71A9651EA008CC5B5 /* Base */ = {isa = PBXFileReference; lastKnownFileType = file.storyboard; name = Base; path = Base.lproj/Main.storyboard; sourceTree = "<group>"; };
		908C73A91A9651EA008CC5B5 /* Images.xcassets */ = {isa = PBXFileReference; lastKnownFileType = folder.assetcatalog; path = Images.xcassets; sourceTree = "<group>"; };
		908C73AC1A9651EA008CC5B5 /* Base */ = {isa = PBXFileReference; lastKnownFileType = file.xib; name = Base; path = Base.lproj/LaunchScreen.xib; sourceTree = "<group>"; };
		908C73B21A9651EA008CC5B5 /* R6sTests.xctest */ = {isa = PBXFileReference; explicitFileType = wrapper.cfbundle; includeInIndex = 0; path = R6sTests.xctest; sourceTree = BUILT_PRODUCTS_DIR; };
		908C73B71A9651EA008CC5B5 /* Info.plist */ = {isa = PBXFileReference; lastKnownFileType = text.plist.xml; path = Info.plist; sourceTree = "<group>"; };
		908C73B81A9651EA008CC5B5 /* R6sTests.m */ = {isa = PBXFileReference; lastKnownFileType = sourcecode.c.objc; path = R6sTests.m; sourceTree = "<group>"; };
		908C73C51A967266008CC5B5 /* NSCharacterSet+AppFunctions.h */ = {isa = PBXFileReference; fileEncoding = 4; lastKnownFileType = sourcecode.c.h; path = "NSCharacterSet+AppFunctions.h"; sourceTree = "<group>"; };
		908C73C61A967266008CC5B5 /* NSCharacterSet+AppFunctions.m */ = {isa = PBXFileReference; fileEncoding = 4; lastKnownFileType = sourcecode.c.objc; path = "NSCharacterSet+AppFunctions.m"; sourceTree = "<group>"; };
		908C73C91A968BCE008CC5B5 /* R6ProjectManager.h */ = {isa = PBXFileReference; fileEncoding = 4; lastKnownFileType = sourcecode.c.h; path = R6ProjectManager.h; sourceTree = "<group>"; };
		908C73CA1A968BCE008CC5B5 /* R6ProjectManager.m */ = {isa = PBXFileReference; fileEncoding = 4; lastKnownFileType = sourcecode.c.objc; path = R6ProjectManager.m; sourceTree = "<group>"; };
		908C73CC1A968D89008CC5B5 /* R6Raizlabs1ViewController.h */ = {isa = PBXFileReference; fileEncoding = 4; lastKnownFileType = sourcecode.c.h; path = R6Raizlabs1ViewController.h; sourceTree = "<group>"; };
		908C73CD1A968D89008CC5B5 /* R6Raizlabs1ViewController.m */ = {isa = PBXFileReference; fileEncoding = 4; lastKnownFileType = sourcecode.c.objc; path = R6Raizlabs1ViewController.m; sourceTree = "<group>"; };
		908C73CF1A96931C008CC5B5 /* R6ProjectTableViewCell.h */ = {isa = PBXFileReference; fileEncoding = 4; lastKnownFileType = sourcecode.c.h; path = R6ProjectTableViewCell.h; sourceTree = "<group>"; };
		908C73D01A96931C008CC5B5 /* R6ProjectTableViewCell.m */ = {isa = PBXFileReference; fileEncoding = 4; lastKnownFileType = sourcecode.c.objc; path = R6ProjectTableViewCell.m; sourceTree = "<group>"; };
		908C73D21A96965C008CC5B5 /* R6ViewController.h */ = {isa = PBXFileReference; fileEncoding = 4; lastKnownFileType = sourcecode.c.h; path = R6ViewController.h; sourceTree = "<group>"; };
		908C73D31A96965C008CC5B5 /* R6ViewController.m */ = {isa = PBXFileReference; fileEncoding = 4; lastKnownFileType = sourcecode.c.objc; path = R6ViewController.m; sourceTree = "<group>"; };
		908C73D71A969F23008CC5B5 /* R6Euler39ViewController.h */ = {isa = PBXFileReference; fileEncoding = 4; lastKnownFileType = sourcecode.c.h; path = R6Euler39ViewController.h; sourceTree = "<group>"; };
		908C73D81A969F23008CC5B5 /* R6Euler39ViewController.m */ = {isa = PBXFileReference; fileEncoding = 4; lastKnownFileType = sourcecode.c.objc; path = R6Euler39ViewController.m; sourceTree = "<group>"; };
		908C73DA1A96E57C008CC5B5 /* R6Euler45ViewController.h */ = {isa = PBXFileReference; fileEncoding = 4; lastKnownFileType = sourcecode.c.h; path = R6Euler45ViewController.h; sourceTree = "<group>"; };
		908C73DB1A96E57C008CC5B5 /* R6Euler45ViewController.m */ = {isa = PBXFileReference; fileEncoding = 4; lastKnownFileType = sourcecode.c.objc; path = R6Euler45ViewController.m; sourceTree = "<group>"; };
		908C73DD1A97898B008CC5B5 /* R6Euler81ViewController.h */ = {isa = PBXFileReference; fileEncoding = 4; lastKnownFileType = sourcecode.c.h; path = R6Euler81ViewController.h; sourceTree = "<group>"; };
		908C73DE1A97898B008CC5B5 /* R6Euler81ViewController.m */ = {isa = PBXFileReference; fileEncoding = 4; lastKnownFileType = sourcecode.c.objc; path = R6Euler81ViewController.m; sourceTree = "<group>"; };
		908C73E01A9791F7008CC5B5 /* p081_matrix.txt */ = {isa = PBXFileReference; fileEncoding = 4; lastKnownFileType = text; name = p081_matrix.txt; path = "Source Files/p081_matrix.txt"; sourceTree = "<group>"; };
		908C73E31A97CB56008CC5B5 /* R6Euler101ViewController.h */ = {isa = PBXFileReference; fileEncoding = 4; lastKnownFileType = sourcecode.c.h; path = R6Euler101ViewController.h; sourceTree = "<group>"; };
		908C73E41A97CB56008CC5B5 /* R6Euler101ViewController.m */ = {isa = PBXFileReference; fileEncoding = 4; lastKnownFileType = sourcecode.c.objc; path = R6Euler101ViewController.m; sourceTree = "<group>"; };
/* End PBXFileReference section */

/* Begin PBXFrameworksBuildPhase section */
		908C73931A9651E9008CC5B5 /* Frameworks */ = {
			isa = PBXFrameworksBuildPhase;
			buildActionMask = 2147483647;
			files = (
			);
			runOnlyForDeploymentPostprocessing = 0;
		};
		908C73AF1A9651EA008CC5B5 /* Frameworks */ = {
			isa = PBXFrameworksBuildPhase;
			buildActionMask = 2147483647;
			files = (
			);
			runOnlyForDeploymentPostprocessing = 0;
		};
/* End PBXFrameworksBuildPhase section */

/* Begin PBXGroup section */
		908C738D1A9651E9008CC5B5 = {
			isa = PBXGroup;
			children = (
				908C73981A9651E9008CC5B5 /* R6s */,
				908C73B51A9651EA008CC5B5 /* R6sTests */,
				908C73971A9651E9008CC5B5 /* Products */,
			);
			sourceTree = "<group>";
		};
		908C73971A9651E9008CC5B5 /* Products */ = {
			isa = PBXGroup;
			children = (
				908C73961A9651E9008CC5B5 /* R6s.app */,
				908C73B21A9651EA008CC5B5 /* R6sTests.xctest */,
			);
			name = Products;
			sourceTree = "<group>";
		};
		908C73981A9651E9008CC5B5 /* R6s */ = {
			isa = PBXGroup;
			children = (
				908C739D1A9651EA008CC5B5 /* AppDelegate.h */,
				908C739E1A9651EA008CC5B5 /* AppDelegate.m */,
				908C73D61A96984B008CC5B5 /* Table of Contents View */,
				908C73D51A9697B8008CC5B5 /* Project View Controllers */,
				908C73C51A967266008CC5B5 /* NSCharacterSet+AppFunctions.h */,
				908C73C61A967266008CC5B5 /* NSCharacterSet+AppFunctions.m */,
				908C73E21A9791FA008CC5B5 /* Resources */,
				908C73A61A9651EA008CC5B5 /* Main.storyboard */,
				908C73A91A9651EA008CC5B5 /* Images.xcassets */,
				908C73AB1A9651EA008CC5B5 /* LaunchScreen.xib */,
				908C73A01A9651EA008CC5B5 /* R6s.xcdatamodeld */,
				908C73991A9651EA008CC5B5 /* Supporting Files */,
			);
			path = R6s;
			sourceTree = "<group>";
		};
		908C73991A9651EA008CC5B5 /* Supporting Files */ = {
			isa = PBXGroup;
			children = (
				908C739A1A9651EA008CC5B5 /* Info.plist */,
				908C739B1A9651EA008CC5B5 /* main.m */,
			);
			name = "Supporting Files";
			sourceTree = "<group>";
		};
		908C73B51A9651EA008CC5B5 /* R6sTests */ = {
			isa = PBXGroup;
			children = (
				908C73B81A9651EA008CC5B5 /* R6sTests.m */,
				908C73B61A9651EA008CC5B5 /* Supporting Files */,
			);
			path = R6sTests;
			sourceTree = "<group>";
		};
		908C73B61A9651EA008CC5B5 /* Supporting Files */ = {
			isa = PBXGroup;
			children = (
				908C73B71A9651EA008CC5B5 /* Info.plist */,
			);
			name = "Supporting Files";
			sourceTree = "<group>";
		};
		908C73D51A9697B8008CC5B5 /* Project View Controllers */ = {
			isa = PBXGroup;
			children = (
				908C73D21A96965C008CC5B5 /* R6ViewController.h */,
				908C73D31A96965C008CC5B5 /* R6ViewController.m */,
				908C73CC1A968D89008CC5B5 /* R6Raizlabs1ViewController.h */,
				908C73CD1A968D89008CC5B5 /* R6Raizlabs1ViewController.m */,
				908C73D71A969F23008CC5B5 /* R6Euler39ViewController.h */,
				908C73D81A969F23008CC5B5 /* R6Euler39ViewController.m */,
				908C73DA1A96E57C008CC5B5 /* R6Euler45ViewController.h */,
				908C73DB1A96E57C008CC5B5 /* R6Euler45ViewController.m */,
				908C73DD1A97898B008CC5B5 /* R6Euler81ViewController.h */,
				908C73DE1A97898B008CC5B5 /* R6Euler81ViewController.m */,
				27AB3AE71C8CE34200F4F718 /* R6Euler92ViewController.h */,
				27AB3AE81C8CE34200F4F718 /* R6Euler92ViewController.m */,
				27AB3AE41C8CDD6600F4F718 /* R6Euler97ViewController.h */,
				27AB3AE51C8CDD6600F4F718 /* R6Euler97ViewController.m */,
				908C73E31A97CB56008CC5B5 /* R6Euler101ViewController.h */,
				908C73E41A97CB56008CC5B5 /* R6Euler101ViewController.m */,
				80718A201D89CCAA00B9A0E4 /* R6NumberWordLoopViewController.h */,
				80718A211D89CCAA00B9A0E4 /* R6NumberWordLoopViewController.m */,
			);
			name = "Project View Controllers";
			sourceTree = "<group>";
		};
		908C73D61A96984B008CC5B5 /* Table of Contents View */ = {
			isa = PBXGroup;
			children = (
				908C73A31A9651EA008CC5B5 /* ViewController.h */,
				908C73A41A9651EA008CC5B5 /* ViewController.m */,
				908C73CF1A96931C008CC5B5 /* R6ProjectTableViewCell.h */,
				908C73D01A96931C008CC5B5 /* R6ProjectTableViewCell.m */,
				908C73C91A968BCE008CC5B5 /* R6ProjectManager.h */,
				908C73CA1A968BCE008CC5B5 /* R6ProjectManager.m */,
			);
			name = "Table of Contents View";
			sourceTree = "<group>";
		};
		908C73E21A9791FA008CC5B5 /* Resources */ = {
			isa = PBXGroup;
			children = (
				908C73E01A9791F7008CC5B5 /* p081_matrix.txt */,
			);
			name = Resources;
			sourceTree = "<group>";
		};
/* End PBXGroup section */

/* Begin PBXNativeTarget section */
		908C73951A9651E9008CC5B5 /* R6s */ = {
			isa = PBXNativeTarget;
			buildConfigurationList = 908C73BC1A9651EA008CC5B5 /* Build configuration list for PBXNativeTarget "R6s" */;
			buildPhases = (
				908C73921A9651E9008CC5B5 /* Sources */,
				908C73931A9651E9008CC5B5 /* Frameworks */,
				908C73941A9651E9008CC5B5 /* Resources */,
			);
			buildRules = (
			);
			dependencies = (
			);
			name = R6s;
			productName = R6s;
			productReference = 908C73961A9651E9008CC5B5 /* R6s.app */;
			productType = "com.apple.product-type.application";
		};
		908C73B11A9651EA008CC5B5 /* R6sTests */ = {
			isa = PBXNativeTarget;
			buildConfigurationList = 908C73BF1A9651EA008CC5B5 /* Build configuration list for PBXNativeTarget "R6sTests" */;
			buildPhases = (
				908C73AE1A9651EA008CC5B5 /* Sources */,
				908C73AF1A9651EA008CC5B5 /* Frameworks */,
				908C73B01A9651EA008CC5B5 /* Resources */,
			);
			buildRules = (
			);
			dependencies = (
				908C73B41A9651EA008CC5B5 /* PBXTargetDependency */,
			);
			name = R6sTests;
			productName = R6sTests;
			productReference = 908C73B21A9651EA008CC5B5 /* R6sTests.xctest */;
			productType = "com.apple.product-type.bundle.unit-test";
		};
/* End PBXNativeTarget section */

/* Begin PBXProject section */
		908C738E1A9651E9008CC5B5 /* Project object */ = {
			isa = PBXProject;
			attributes = {
				LastUpgradeCheck = 0610;
				ORGANIZATIONNAME = "Nathan Fennel";
				TargetAttributes = {
					908C73951A9651E9008CC5B5 = {
						CreatedOnToolsVersion = 6.1.1;
						DevelopmentTeam = EJLR2RPSV2;
					};
					908C73B11A9651EA008CC5B5 = {
						CreatedOnToolsVersion = 6.1.1;
						TestTargetID = 908C73951A9651E9008CC5B5;
					};
				};
			};
			buildConfigurationList = 908C73911A9651E9008CC5B5 /* Build configuration list for PBXProject "R6s" */;
			compatibilityVersion = "Xcode 3.2";
			developmentRegion = English;
			hasScannedForEncodings = 0;
			knownRegions = (
				en,
				Base,
			);
			mainGroup = 908C738D1A9651E9008CC5B5;
			productRefGroup = 908C73971A9651E9008CC5B5 /* Products */;
			projectDirPath = "";
			projectRoot = "";
			targets = (
				908C73951A9651E9008CC5B5 /* R6s */,
				908C73B11A9651EA008CC5B5 /* R6sTests */,
			);
		};
/* End PBXProject section */

/* Begin PBXResourcesBuildPhase section */
		908C73941A9651E9008CC5B5 /* Resources */ = {
			isa = PBXResourcesBuildPhase;
			buildActionMask = 2147483647;
			files = (
				908C73A81A9651EA008CC5B5 /* Main.storyboard in Resources */,
				908C73AD1A9651EA008CC5B5 /* LaunchScreen.xib in Resources */,
				908C73E11A9791F7008CC5B5 /* p081_matrix.txt in Resources */,
				908C73AA1A9651EA008CC5B5 /* Images.xcassets in Resources */,
			);
			runOnlyForDeploymentPostprocessing = 0;
		};
		908C73B01A9651EA008CC5B5 /* Resources */ = {
			isa = PBXResourcesBuildPhase;
			buildActionMask = 2147483647;
			files = (
			);
			runOnlyForDeploymentPostprocessing = 0;
		};
/* End PBXResourcesBuildPhase section */

/* Begin PBXSourcesBuildPhase section */
		908C73921A9651E9008CC5B5 /* Sources */ = {
			isa = PBXSourcesBuildPhase;
			buildActionMask = 2147483647;
			files = (
				908C73DC1A96E57C008CC5B5 /* R6Euler45ViewController.m in Sources */,
				908C73DF1A97898B008CC5B5 /* R6Euler81ViewController.m in Sources */,
				80718A221D89CCAA00B9A0E4 /* R6NumberWordLoopViewController.m in Sources */,
				27AB3AE61C8CDD6600F4F718 /* R6Euler97ViewController.m in Sources */,
				908C739F1A9651EA008CC5B5 /* AppDelegate.m in Sources */,
				908C73CB1A968BCE008CC5B5 /* R6ProjectManager.m in Sources */,
				908C73D91A969F23008CC5B5 /* R6Euler39ViewController.m in Sources */,
				908C73A21A9651EA008CC5B5 /* R6s.xcdatamodeld in Sources */,
				27AB3AE91C8CE34200F4F718 /* R6Euler92ViewController.m in Sources */,
				908C73C71A967266008CC5B5 /* NSCharacterSet+AppFunctions.m in Sources */,
				908C73A51A9651EA008CC5B5 /* ViewController.m in Sources */,
				908C73E51A97CB56008CC5B5 /* R6Euler101ViewController.m in Sources */,
				908C73D11A96931C008CC5B5 /* R6ProjectTableViewCell.m in Sources */,
				908C73CE1A968D89008CC5B5 /* R6Raizlabs1ViewController.m in Sources */,
				908C739C1A9651EA008CC5B5 /* main.m in Sources */,
				908C73D41A96965C008CC5B5 /* R6ViewController.m in Sources */,
			);
			runOnlyForDeploymentPostprocessing = 0;
		};
		908C73AE1A9651EA008CC5B5 /* Sources */ = {
			isa = PBXSourcesBuildPhase;
			buildActionMask = 2147483647;
			files = (
				908C73B91A9651EA008CC5B5 /* R6sTests.m in Sources */,
			);
			runOnlyForDeploymentPostprocessing = 0;
		};
/* End PBXSourcesBuildPhase section */

/* Begin PBXTargetDependency section */
		908C73B41A9651EA008CC5B5 /* PBXTargetDependency */ = {
			isa = PBXTargetDependency;
			target = 908C73951A9651E9008CC5B5 /* R6s */;
			targetProxy = 908C73B31A9651EA008CC5B5 /* PBXContainerItemProxy */;
		};
/* End PBXTargetDependency section */

/* Begin PBXVariantGroup section */
		908C73A61A9651EA008CC5B5 /* Main.storyboard */ = {
			isa = PBXVariantGroup;
			children = (
				908C73A71A9651EA008CC5B5 /* Base */,
			);
			name = Main.storyboard;
			sourceTree = "<group>";
		};
		908C73AB1A9651EA008CC5B5 /* LaunchScreen.xib */ = {
			isa = PBXVariantGroup;
			children = (
				908C73AC1A9651EA008CC5B5 /* Base */,
			);
			name = LaunchScreen.xib;
			sourceTree = "<group>";
		};
/* End PBXVariantGroup section */

/* Begin XCBuildConfiguration section */
		908C73BA1A9651EA008CC5B5 /* Debug */ = {
			isa = XCBuildConfiguration;
			buildSettings = {
				ALWAYS_SEARCH_USER_PATHS = NO;
				CLANG_CXX_LANGUAGE_STANDARD = "gnu++0x";
				CLANG_CXX_LIBRARY = "libc++";
				CLANG_ENABLE_MODULES = YES;
				CLANG_ENABLE_OBJC_ARC = YES;
				CLANG_WARN_BOOL_CONVERSION = YES;
				CLANG_WARN_CONSTANT_CONVERSION = YES;
				CLANG_WARN_DIRECT_OBJC_ISA_USAGE = YES_ERROR;
				CLANG_WARN_EMPTY_BODY = YES;
				CLANG_WARN_ENUM_CONVERSION = YES;
				CLANG_WARN_INT_CONVERSION = YES;
				CLANG_WARN_OBJC_ROOT_CLASS = YES_ERROR;
				CLANG_WARN_UNREACHABLE_CODE = YES;
				CLANG_WARN__DUPLICATE_METHOD_MATCH = YES;
				"CODE_SIGN_IDENTITY[sdk=iphoneos*]" = "iPhone Developer";
				COPY_PHASE_STRIP = NO;
				ENABLE_STRICT_OBJC_MSGSEND = YES;
				GCC_C_LANGUAGE_STANDARD = gnu99;
				GCC_DYNAMIC_NO_PIC = NO;
				GCC_OPTIMIZATION_LEVEL = 0;
				GCC_PREPROCESSOR_DEFINITIONS = (
					"DEBUG=1",
					"$(inherited)",
				);
				GCC_SYMBOLS_PRIVATE_EXTERN = NO;
				GCC_WARN_64_TO_32_BIT_CONVERSION = YES;
				GCC_WARN_ABOUT_RETURN_TYPE = YES_ERROR;
				GCC_WARN_UNDECLARED_SELECTOR = YES;
				GCC_WARN_UNINITIALIZED_AUTOS = YES_AGGRESSIVE;
				GCC_WARN_UNUSED_FUNCTION = YES;
				GCC_WARN_UNUSED_VARIABLE = YES;
				IPHONEOS_DEPLOYMENT_TARGET = 8.1;
				MTL_ENABLE_DEBUG_INFO = YES;
				ONLY_ACTIVE_ARCH = YES;
				SDKROOT = iphoneos;
				TARGETED_DEVICE_FAMILY = "1,2";
			};
			name = Debug;
		};
		908C73BB1A9651EA008CC5B5 /* Release */ = {
			isa = XCBuildConfiguration;
			buildSettings = {
				ALWAYS_SEARCH_USER_PATHS = NO;
				CLANG_CXX_LANGUAGE_STANDARD = "gnu++0x";
				CLANG_CXX_LIBRARY = "libc++";
				CLANG_ENABLE_MODULES = YES;
				CLANG_ENABLE_OBJC_ARC = YES;
				CLANG_WARN_BOOL_CONVERSION = YES;
				CLANG_WARN_CONSTANT_CONVERSION = YES;
				CLANG_WARN_DIRECT_OBJC_ISA_USAGE = YES_ERROR;
				CLANG_WARN_EMPTY_BODY = YES;
				CLANG_WARN_ENUM_CONVERSION = YES;
				CLANG_WARN_INT_CONVERSION = YES;
				CLANG_WARN_OBJC_ROOT_CLASS = YES_ERROR;
				CLANG_WARN_UNREACHABLE_CODE = YES;
				CLANG_WARN__DUPLICATE_METHOD_MATCH = YES;
				"CODE_SIGN_IDENTITY[sdk=iphoneos*]" = "iPhone Developer";
				COPY_PHASE_STRIP = YES;
				ENABLE_NS_ASSERTIONS = NO;
				ENABLE_STRICT_OBJC_MSGSEND = YES;
				GCC_C_LANGUAGE_STANDARD = gnu99;
				GCC_WARN_64_TO_32_BIT_CONVERSION = YES;
				GCC_WARN_ABOUT_RETURN_TYPE = YES_ERROR;
				GCC_WARN_UNDECLARED_SELECTOR = YES;
				GCC_WARN_UNINITIALIZED_AUTOS = YES_AGGRESSIVE;
				GCC_WARN_UNUSED_FUNCTION = YES;
				GCC_WARN_UNUSED_VARIABLE = YES;
				IPHONEOS_DEPLOYMENT_TARGET = 8.1;
				MTL_ENABLE_DEBUG_INFO = NO;
				SDKROOT = iphoneos;
				TARGETED_DEVICE_FAMILY = "1,2";
				VALIDATE_PRODUCT = YES;
			};
			name = Release;
		};
		908C73BD1A9651EA008CC5B5 /* Debug */ = {
			isa = XCBuildConfiguration;
			buildSettings = {
				ASSETCATALOG_COMPILER_APPICON_NAME = AppIcon;
				ASSETCATALOG_COMPILER_LAUNCHIMAGE_NAME = LaunchImage;
				CODE_SIGN_IDENTITY = "iPhone Developer";
				INFOPLIST_FILE = R6s/Info.plist;
				IPHONEOS_DEPLOYMENT_TARGET = 8.0;
				LD_RUNPATH_SEARCH_PATHS = "$(inherited) @executable_path/Frameworks";
				PRODUCT_NAME = "$(TARGET_NAME)";
			};
			name = Debug;
		};
		908C73BE1A9651EA008CC5B5 /* Release */ = {
			isa = XCBuildConfiguration;
			buildSettings = {
				ASSETCATALOG_COMPILER_APPICON_NAME = AppIcon;
				ASSETCATALOG_COMPILER_LAUNCHIMAGE_NAME = LaunchImage;
				CODE_SIGN_IDENTITY = "iPhone Developer";
				INFOPLIST_FILE = R6s/Info.plist;
				IPHONEOS_DEPLOYMENT_TARGET = 8.0;
				LD_RUNPATH_SEARCH_PATHS = "$(inherited) @executable_path/Frameworks";
				PRODUCT_NAME = "$(TARGET_NAME)";
			};
			name = Release;
		};
		908C73C01A9651EA008CC5B5 /* Debug */ = {
			isa = XCBuildConfiguration;
			buildSettings = {
				BUNDLE_LOADER = "$(TEST_HOST)";
				FRAMEWORK_SEARCH_PATHS = (
					"$(SDKROOT)/Developer/Library/Frameworks",
					"$(inherited)",
				);
				GCC_PREPROCESSOR_DEFINITIONS = (
					"DEBUG=1",
					"$(inherited)",
				);
				INFOPLIST_FILE = R6sTests/Info.plist;
				LD_RUNPATH_SEARCH_PATHS = "$(inherited) @executable_path/Frameworks @loader_path/Frameworks";
				PRODUCT_NAME = "$(TARGET_NAME)";
				TEST_HOST = "$(BUILT_PRODUCTS_DIR)/R6s.app/R6s";
			};
			name = Debug;
		};
		908C73C11A9651EA008CC5B5 /* Release */ = {
			isa = XCBuildConfiguration;
			buildSettings = {
				BUNDLE_LOADER = "$(TEST_HOST)";
				FRAMEWORK_SEARCH_PATHS = (
					"$(SDKROOT)/Developer/Library/Frameworks",
					"$(inherited)",
				);
				INFOPLIST_FILE = R6sTests/Info.plist;
				LD_RUNPATH_SEARCH_PATHS = "$(inherited) @executable_path/Frameworks @loader_path/Frameworks";
				PRODUCT_NAME = "$(TARGET_NAME)";
				TEST_HOST = "$(BUILT_PRODUCTS_DIR)/R6s.app/R6s";
			};
			name = Release;
		};
/* End XCBuildConfiguration section */

/* Begin XCConfigurationList section */
		908C73911A9651E9008CC5B5 /* Build configuration list for PBXProject "R6s" */ = {
			isa = XCConfigurationList;
			buildConfigurations = (
				908C73BA1A9651EA008CC5B5 /* Debug */,
				908C73BB1A9651EA008CC5B5 /* Release */,
			);
			defaultConfigurationIsVisible = 0;
			defaultConfigurationName = Release;
		};
		908C73BC1A9651EA008CC5B5 /* Build configuration list for PBXNativeTarget "R6s" */ = {
			isa = XCConfigurationList;
			buildConfigurations = (
				908C73BD1A9651EA008CC5B5 /* Debug */,
				908C73BE1A9651EA008CC5B5 /* Release */,
			);
			defaultConfigurationIsVisible = 0;
			defaultConfigurationName = Release;
		};
		908C73BF1A9651EA008CC5B5 /* Build configuration list for PBXNativeTarget "R6sTests" */ = {
			isa = XCConfigurationList;
			buildConfigurations = (
				908C73C01A9651EA008CC5B5 /* Debug */,
				908C73C11A9651EA008CC5B5 /* Release */,
			);
			defaultConfigurationIsVisible = 0;
			defaultConfigurationName = Release;
		};
/* End XCConfigurationList section */

/* Begin XCVersionGroup section */
		908C73A01A9651EA008CC5B5 /* R6s.xcdatamodeld */ = {
			isa = XCVersionGroup;
			children = (
				908C73A11A9651EA008CC5B5 /* R6s.xcdatamodel */,
			);
			currentVersion = 908C73A11A9651EA008CC5B5 /* R6s.xcdatamodel */;
			path = R6s.xcdatamodeld;
			sourceTree = "<group>";
			versionGroupType = wrapper.xcdatamodel;
		};
/* End XCVersionGroup section */
	};
	rootObject = 908C738E1A9651E9008CC5B5 /* Project object */;
}
